
Microsoft Visual Studio Solution File, Format Version 12.00
# Visual Studio Version 16
VisualStudioVersion = 16.0.32126.315
MinimumVisualStudioVersion = 10.0.40219.1
Project("{FAE04EC0-301F-11D3-BF4B-00C04F79EFBC}") = "proiect", "proiect.csproj", "{B5475ECD-D726-4306-AB41-8E679E736993}"
EndProject
Global
	GlobalSection(SolutionConfigurationPlatforms) = preSolution
		Debug|Any CPU = Debug|Any CPU
		Release|Any CPU = Release|Any CPU
	EndGlobalSection
	GlobalSection(ProjectConfigurationPlatforms) = postSolution
		{B5475ECD-D726-4306-AB41-8E679E736993}.Debug|Any CPU.ActiveCfg = Debug|Any CPU
		{B5475ECD-D726-4306-AB41-8E679E736993}.Debug|Any CPU.Build.0 = Debug|Any CPU
		{B5475ECD-D726-4306-AB41-8E679E736993}.Release|Any CPU.ActiveCfg = Release|Any CPU
		{B5475ECD-D726-4306-AB41-8E679E736993}.Release|Any CPU.Build.0 = Release|Any CPU
	EndGlobalSection
	GlobalSection(SolutionProperties) = preSolution
		HideSolutionNode = FALSE
	EndGlobalSection
	GlobalSection(ExtensibilityGlobals) = postSolution
		SolutionGuid = {53FD574B-B2EA-4DAD-9123-11199C1E65D6}
	EndGlobalSection
EndGlobal
